
Microsoft Visual Studio Solution File, Format Version 12.00
Project("{FAE04EC0-301F-11D3-BF4B-00C04F79EFBC}") = "day1", "day1\day1.csproj", "{CA151A72-C61A-42D3-ADC3-A23A4DC79B7C}"
EndProject
Project("{FAE04EC0-301F-11D3-BF4B-00C04F79EFBC}") = "day2", "day2\day2.csproj", "{09252419-FE2C-42D6-8C32-43C1812FC4C2}"
EndProject
Global
	GlobalSection(SolutionConfigurationPlatforms) = preSolution
		Debug|Any CPU = Debug|Any CPU
		Release|Any CPU = Release|Any CPU
	EndGlobalSection
	GlobalSection(ProjectConfigurationPlatforms) = postSolution
		{CA151A72-C61A-42D3-ADC3-A23A4DC79B7C}.Debug|Any CPU.ActiveCfg = Debug|Any CPU
		{CA151A72-C61A-42D3-ADC3-A23A4DC79B7C}.Debug|Any CPU.Build.0 = Debug|Any CPU
		{CA151A72-C61A-42D3-ADC3-A23A4DC79B7C}.Release|Any CPU.ActiveCfg = Release|Any CPU
		{CA151A72-C61A-42D3-ADC3-A23A4DC79B7C}.Release|Any CPU.Build.0 = Release|Any CPU
		{09252419-FE2C-42D6-8C32-43C1812FC4C2}.Debug|Any CPU.ActiveCfg = Debug|Any CPU
		{09252419-FE2C-42D6-8C32-43C1812FC4C2}.Debug|Any CPU.Build.0 = Debug|Any CPU
		{09252419-FE2C-42D6-8C32-43C1812FC4C2}.Release|Any CPU.ActiveCfg = Release|Any CPU
		{09252419-FE2C-42D6-8C32-43C1812FC4C2}.Release|Any CPU.Build.0 = Release|Any CPU
	EndGlobalSection
EndGlobal
